// !$*UTF8*$!
{
	archiveVersion = 1;
	classes = {
	};
	objectVersion = 77;
	objects = {

/* Begin PBXContainerItemProxy section */
		D223CCC02F41B2C2003F1B36 /* PBXContainerItemProxy */ = {
			isa = PBXContainerItemProxy;
			containerPortal = D223CCA82F41B2C1003F1B36 /* Project object */;
			proxyType = 1;
			remoteGlobalIDString = D223CCAF2F41B2C1003F1B36;
			remoteInfo = PlaylistMaker;
		};
		D223CCCA2F41B2C2003F1B36 /* PBXContainerItemProxy */ = {
			isa = PBXContainerItemProxy;
			containerPortal = D223CCA82F41B2C1003F1B36 /* Project object */;
			proxyType = 1;
			remoteGlobalIDString = D223CCAF2F41B2C1003F1B36;
			remoteInfo = PlaylistMaker;
		};
/* End PBXContainerItemProxy section */

/* Begin PBXFileReference section */
		D223CCB02F41B2C1003F1B36 /* PlaylistMaker.app */ = {isa = PBXFileReference; explicitFileType = wrapper.application; includeInIndex = 0; path = PlaylistMaker.app; sourceTree = BUILT_PRODUCTS_DIR; };
		D223CCBF2F41B2C2003F1B36 /* PlaylistMakerTests.xctest */ = {isa = PBXFileReference; explicitFileType = wrapper.cfbundle; includeInIndex = 0; path = PlaylistMakerTests.xctest; sourceTree = BUILT_PRODUCTS_DIR; };
		D223CCC92F41B2C2003F1B36 /* PlaylistMakerUITests.xctest */ = {isa = PBXFileReference; explicitFileType = wrapper.cfbundle; includeInIndex = 0; path = PlaylistMakerUITests.xctest; sourceTree = BUILT_PRODUCTS_DIR; };
/* End PBXFileReference section */

/* Begin PBXFileSystemSynchronizedBuildFileExceptionSet section */
		D223CD192F41D571003F1B36 /* Exceptions for "PlaylistMaker" folder in "PlaylistMaker" target */ = {
			isa = PBXFileSystemSynchronizedBuildFileExceptionSet;
			membershipExceptions = (
				Info.plist,
			);
			target = D223CCAF2F41B2C1003F1B36 /* PlaylistMaker */;
		};
/* End PBXFileSystemSynchronizedBuildFileExceptionSet section */

/* Begin PBXFileSystemSynchronizedRootGroup section */
		D223CCB22F41B2C1003F1B36 /* PlaylistMaker */ = {
			isa = PBXFileSystemSynchronizedRootGroup;
			exceptions = (
				D223CD192F41D571003F1B36 /* Exceptions for "PlaylistMaker" folder in "PlaylistMaker" target */,
			);
			path = PlaylistMaker;
			sourceTree = "<group>";
		};
		D223CCC22F41B2C2003F1B36 /* PlaylistMakerTests */ = {
			isa = PBXFileSystemSynchronizedRootGroup;
			path = PlaylistMakerTests;
			sourceTree = "<group>";
		};
		D223CCCC2F41B2C2003F1B36 /* PlaylistMakerUITests */ = {
			isa = PBXFileSystemSynchronizedRootGroup;
			path = PlaylistMakerUITests;
			sourceTree = "<group>";
		};
/* End PBXFileSystemSynchronizedRootGroup section */

/* Begin PBXFrameworksBuildPhase section */
		D223CCAD2F41B2C1003F1B36 /* Frameworks */ = {
			isa = PBXFrameworksBuildPhase;
			buildActionMask = 2147483647;
			files = (
			);
			runOnlyForDeploymentPostprocessing = 0;
		};
		D223CCBC2F41B2C2003F1B36 /* Frameworks */ = {
			isa = PBXFrameworksBuildPhase;
			buildActionMask = 2147483647;
			files = (
			);
			runOnlyForDeploymentPostprocessing = 0;
		};
		D223CCC62F41B2C2003F1B36 /* Frameworks */ = {
			isa = PBXFrameworksBuildPhase;
			buildActionMask = 2147483647;
			files = (
			);
			runOnlyForDeploymentPostprocessing = 0;
		};
/* End PBXFrameworksBuildPhase section */

/* Begin PBXGroup section */
		D223CCA72F41B2C1003F1B36 = {
			isa = PBXGroup;
			children = (
				D223CCB22F41B2C1003F1B36 /* PlaylistMaker */,
				D223CCC22F41B2C2003F1B36 /* PlaylistMakerTests */,
				D223CCCC2F41B2C2003F1B36 /* PlaylistMakerUITests */,
				D223CCB12F41B2C1003F1B36 /* Products */,
			);
			sourceTree = "<group>";
		};
		D223CCB12F41B2C1003F1B36 /* Products */ = {
			isa = PBXGroup;
			children = (
				D223CCB02F41B2C1003F1B36 /* PlaylistMaker.app */,
				D223CCBF2F41B2C2003F1B36 /* PlaylistMakerTests.xctest */,
				D223CCC92F41B2C2003F1B36 /* PlaylistMakerUITests.xctest */,
			);
			name = Products;
			sourceTree = "<group>";
		};
/* End PBXGroup section */

/* Begin PBXNativeTarget section */
		D223CCAF2F41B2C1003F1B36 /* PlaylistMaker */ = {
			isa = PBXNativeTarget;
			buildConfigurationList = D223CCD32F41B2C2003F1B36 /* Build configuration list for PBXNativeTarget "PlaylistMaker" */;
			buildPhases = (
				D223CCAC2F41B2C1003F1B36 /* Sources */,
				D223CCAD2F41B2C1003F1B36 /* Frameworks */,
				D223CCAE2F41B2C1003F1B36 /* Resources */,
			);
			buildRules = (
			);
			dependencies = (
			);
			fileSystemSynchronizedGroups = (
				D223CCB22F41B2C1003F1B36 /* PlaylistMaker */,
			);
			name = PlaylistMaker;
			packageProductDependencies = (
			);
			productName = PlaylistMaker;
			productReference = D223CCB02F41B2C1003F1B36 /* PlaylistMaker.app */;
			productType = "com.apple.product-type.application";
		};
		D223CCBE2F41B2C2003F1B36 /* PlaylistMakerTests */ = {
			isa = PBXNativeTarget;
			buildConfigurationList = D223CCD62F41B2C2003F1B36 /* Build configuration list for PBXNativeTarget "PlaylistMakerTests" */;
			buildPhases = (
				D223CCBB2F41B2C2003F1B36 /* Sources */,
				D223CCBC2F41B2C2003F1B36 /* Frameworks */,
				D223CCBD2F41B2C2003F1B36 /* Resources */,
			);
			buildRules = (
			);
			dependencies = (
				D223CCC12F41B2C2003F1B36 /* PBXTargetDependency */,
			);
			fileSystemSynchronizedGroups = (
				D223CCC22F41B2C2003F1B36 /* PlaylistMakerTests */,
			);
			name = PlaylistMakerTests;
			packageProductDependencies = (
			);
			productName = PlaylistMakerTests;
			productReference = D223CCBF2F41B2C2003F1B36 /* PlaylistMakerTests.xctest */;
			productType = "com.apple.product-type.bundle.unit-test";
		};
		D223CCC82F41B2C2003F1B36 /* PlaylistMakerUITests */ = {
			isa = PBXNativeTarget;
			buildConfigurationList = D223CCD92F41B2C2003F1B36 /* Build configuration list for PBXNativeTarget "PlaylistMakerUITests" */;
			buildPhases = (
				D223CCC52F41B2C2003F1B36 /* Sources */,
				D223CCC62F41B2C2003F1B36 /* Frameworks */,
				D223CCC72F41B2C2003F1B36 /* Resources */,
			);
			buildRules = (
			);
			dependencies = (
				D223CCCB2F41B2C2003F1B36 /* PBXTargetDependency */,
			);
			fileSystemSynchronizedGroups = (
				D223CCCC2F41B2C2003F1B36 /* PlaylistMakerUITests */,
			);
			name = PlaylistMakerUITests;
			packageProductDependencies = (
			);
			productName = PlaylistMakerUITests;
			productReference = D223CCC92F41B2C2003F1B36 /* PlaylistMakerUITests.xctest */;
			productType = "com.apple.product-type.bundle.ui-testing";
		};
/* End PBXNativeTarget section */

/* Begin PBXProject section */
		D223CCA82F41B2C1003F1B36 /* Project object */ = {
			isa = PBXProject;
			attributes = {
				BuildIndependentTargetsInParallel = 1;
				LastSwiftUpdateCheck = 2610;
				LastUpgradeCheck = 2610;
				TargetAttributes = {
					D223CCAF2F41B2C1003F1B36 = {
						CreatedOnToolsVersion = 26.1.1;
					};
					D223CCBE2F41B2C2003F1B36 = {
						CreatedOnToolsVersion = 26.1.1;
						TestTargetID = D223CCAF2F41B2C1003F1B36;
					};
					D223CCC82F41B2C2003F1B36 = {
						CreatedOnToolsVersion = 26.1.1;
						TestTargetID = D223CCAF2F41B2C1003F1B36;
					};
				};
			};
			buildConfigurationList = D223CCAB2F41B2C1003F1B36 /* Build configuration list for PBXProject "PlaylistMaker" */;
			developmentRegion = en;
			hasScannedForEncodings = 0;
			knownRegions = (
				en,
				Base,
			);
			mainGroup = D223CCA72F41B2C1003F1B36;
			minimizedProjectReferenceProxies = 1;
			preferredProjectObjectVersion = 77;
			productRefGroup = D223CCB12F41B2C1003F1B36 /* Products */;
			projectDirPath = "";
			projectRoot = "";
			targets = (
				D223CCAF2F41B2C1003F1B36 /* PlaylistMaker */,
				D223CCBE2F41B2C2003F1B36 /* PlaylistMakerTests */,
				D223CCC82F41B2C2003F1B36 /* PlaylistMakerUITests */,
			);
		};
/* End PBXProject section */

/* Begin PBXResourcesBuildPhase section */
		D223CCAE2F41B2C1003F1B36 /* Resources */ = {
			isa = PBXResourcesBuildPhase;
			buildActionMask = 2147483647;
			files = (
			);
			runOnlyForDeploymentPostprocessing = 0;
		};
		D223CCBD2F41B2C2003F1B36 /* Resources */ = {
			isa = PBXResourcesBuildPhase;
			buildActionMask = 2147483647;
			files = (
			);
			runOnlyForDeploymentPostprocessing = 0;
		};
		D223CCC72F41B2C2003F1B36 /* Resources */ = {
			isa = PBXResourcesBuildPhase;
			buildActionMask = 2147483647;
			files = (
			);
			runOnlyForDeploymentPostprocessing = 0;
		};
/* End PBXResourcesBuildPhase section */

/* Begin PBXSourcesBuildPhase section */
		D223CCAC2F41B2C1003F1B36 /* Sources */ = {
			isa = PBXSourcesBuildPhase;
			buildActionMask = 2147483647;
			files = (
			);
			runOnlyForDeploymentPostprocessing = 0;
		};
		D223CCBB2F41B2C2003F1B36 /* Sources */ = {
			isa = PBXSourcesBuildPhase;
			buildActionMask = 2147483647;
			files = (
			);
			runOnlyForDeploymentPostprocessing = 0;
		};
		D223CCC52F41B2C2003F1B36 /* Sources */ = {
			isa = PBXSourcesBuildPhase;
			buildActionMask = 2147483647;
			files = (
			);
			runOnlyForDeploymentPostprocessing = 0;
		};
/* End PBXSourcesBuildPhase section */

/* Begin PBXTargetDependency section */
		D223CCC12F41B2C2003F1B36 /* PBXTargetDependency */ = {
			isa = PBXTargetDependency;
			target = D223CCAF2F41B2C1003F1B36 /* PlaylistMaker */;
			targetProxy = D223CCC02F41B2C2003F1B36 /* PBXContainerItemProxy */;
		};
		D223CCCB2F41B2C2003F1B36 /* PBXTargetDependency */ = {
			isa = PBXTargetDependency;
			target = D223CCAF2F41B2C1003F1B36 /* PlaylistMaker */;
			targetProxy = D223CCCA2F41B2C2003F1B36 /* PBXContainerItemProxy */;
		};
/* End PBXTargetDependency section */

/* Begin XCBuildConfiguration section */
		D223CCD12F41B2C2003F1B36 /* Debug */ = {
			isa = XCBuildConfiguration;
			buildSettings = {
				ALWAYS_SEARCH_USER_PATHS = NO;
				ASSETCATALOG_COMPILER_GENERATE_SWIFT_ASSET_SYMBOL_EXTENSIONS = YES;
				CLANG_ANALYZER_NONNULL = YES;
				CLANG_ANALYZER_NUMBER_OBJECT_CONVERSION = YES_AGGRESSIVE;
				CLANG_CXX_LANGUAGE_STANDARD = "gnu++20";
				CLANG_ENABLE_MODULES = YES;
				CLANG_ENABLE_OBJC_ARC = YES;
				CLANG_ENABLE_OBJC_WEAK = YES;
				CLANG_WARN_BLOCK_CAPTURE_AUTORELEASING = YES;
				CLANG_WARN_BOOL_CONVERSION = YES;
				CLANG_WARN_COMMA = YES;
				CLANG_WARN_CONSTANT_CONVERSION = YES;
				CLANG_WARN_DEPRECATED_OBJC_IMPLEMENTATIONS = YES;
				CLANG_WARN_DIRECT_OBJC_ISA_USAGE = YES_ERROR;
				CLANG_WARN_DOCUMENTATION_COMMENTS = YES;
				CLANG_WARN_EMPTY_BODY = YES;
				CLANG_WARN_ENUM_CONVERSION = YES;
				CLANG_WARN_INFINITE_RECURSION = YES;
				CLANG_WARN_INT_CONVERSION = YES;
				CLANG_WARN_NON_LITERAL_NULL_CONVERSION = YES;
				CLANG_WARN_OBJC_IMPLICIT_RETAIN_SELF = YES;
				CLANG_WARN_OBJC_LITERAL_CONVERSION = YES;
				CLANG_WARN_OBJC_ROOT_CLASS = YES_ERROR;
				CLANG_WARN_QUOTED_INCLUDE_IN_FRAMEWORK_HEADER = YES;
				CLANG_WARN_RANGE_LOOP_ANALYSIS = YES;
				CLANG_WARN_STRICT_PROTOTYPES = YES;
				CLANG_WARN_SUSPICIOUS_MOVE = YES;
				CLANG_WARN_UNGUARDED_AVAILABILITY = YES_AGGRESSIVE;
				CLANG_WARN_UNREACHABLE_CODE = YES;
				CLANG_WARN__DUPLICATE_METHOD_MATCH = YES;
				COPY_PHASE_STRIP = NO;
				DEBUG_INFORMATION_FORMAT = dwarf;
				ENABLE_STRICT_OBJC_MSGSEND = YES;
				ENABLE_TESTABILITY = YES;
				ENABLE_USER_SCRIPT_SANDBOXING = YES;
				GCC_C_LANGUAGE_STANDARD = gnu17;
				GCC_DYNAMIC_NO_PIC = NO;
				GCC_NO_COMMON_BLOCKS = YES;
				GCC_OPTIMIZATION_LEVEL = 0;
				GCC_PREPROCESSOR_DEFINITIONS = (
					"DEBUG=1",
					"$(inherited)",
				);
				GCC_WARN_64_TO_32_BIT_CONVERSION = YES;
				GCC_WARN_ABOUT_RETURN_TYPE = YES_ERROR;
				GCC_WARN_UNDECLARED_SELECTOR = YES;
				GCC_WARN_UNINITIALIZED_AUTOS = YES_AGGRESSIVE;
				GCC_WARN_UNUSED_FUNCTION = YES;
				GCC_WARN_UNUSED_VARIABLE = YES;
				IPHONEOS_DEPLOYMENT_TARGET = 26.1;
				LOCALIZATION_PREFERS_STRING_CATALOGS = YES;
				MTL_ENABLE_DEBUG_INFO = INCLUDE_SOURCE;
				MTL_FAST_MATH = YES;
				ONLY_ACTIVE_ARCH = YES;
				SDKROOT = iphoneos;
				SWIFT_ACTIVE_COMPILATION_CONDITIONS = "DEBUG $(inherited)";
				SWIFT_OPTIMIZATION_LEVEL = "-Onone";
			};
			name = Debug;
		};
		D223CCD22F41B2C2003F1B36 /* Release */ = {
			isa = XCBuildConfiguration;
			buildSettings = {
				ALWAYS_SEARCH_USER_PATHS = NO;
				ASSETCATALOG_COMPILER_GENERATE_SWIFT_ASSET_SYMBOL_EXTENSIONS = YES;
				CLANG_ANALYZER_NONNULL = YES;
				CLANG_ANALYZER_NUMBER_OBJECT_CONVERSION = YES_AGGRESSIVE;
				CLANG_CXX_LANGUAGE_STANDARD = "gnu++20";
				CLANG_ENABLE_MODULES = YES;
				CLANG_ENABLE_OBJC_ARC = YES;
				CLANG_ENABLE_OBJC_WEAK = YES;
				CLANG_WARN_BLOCK_CAPTURE_AUTORELEASING = YES;
				CLANG_WARN_BOOL_CONVERSION = YES;
				CLANG_WARN_COMMA = YES;
				CLANG_WARN_CONSTANT_CONVERSION = YES;
				CLANG_WARN_DEPRECATED_OBJC_IMPLEMENTATIONS = YES;
				CLANG_WARN_DIRECT_OBJC_ISA_USAGE = YES_ERROR;
				CLANG_WARN_DOCUMENTATION_COMMENTS = YES;
				CLANG_WARN_EMPTY_BODY = YES;
				CLANG_WARN_ENUM_CONVERSION = YES;
				CLANG_WARN_INFINITE_RECURSION = YES;
				CLANG_WARN_INT_CONVERSION = YES;
				CLANG_WARN_NON_LITERAL_NULL_CONVERSION = YES;
				CLANG_WARN_OBJC_IMPLICIT_RETAIN_SELF = YES;
				CLANG_WARN_OBJC_LITERAL_CONVERSION = YES;
				CLANG_WARN_OBJC_ROOT_CLASS = YES_ERROR;
				CLANG_WARN_QUOTED_INCLUDE_IN_FRAMEWORK_HEADER = YES;
				CLANG_WARN_RANGE_LOOP_ANALYSIS = YES;
				CLANG_WARN_STRICT_PROTOTYPES = YES;
				CLANG_WARN_SUSPICIOUS_MOVE = YES;
				CLANG_WARN_UNGUARDED_AVAILABILITY = YES_AGGRESSIVE;
				CLANG_WARN_UNREACHABLE_CODE = YES;
				CLANG_WARN__DUPLICATE_METHOD_MATCH = YES;
				COPY_PHASE_STRIP = NO;
				DEBUG_INFORMATION_FORMAT = "dwarf-with-dsym";
				ENABLE_NS_ASSERTIONS = NO;
				ENABLE_STRICT_OBJC_MSGSEND = YES;
				ENABLE_USER_SCRIPT_SANDBOXING = YES;
				GCC_C_LANGUAGE_STANDARD = gnu17;
				GCC_NO_COMMON_BLOCKS = YES;
				GCC_WARN_64_TO_32_BIT_CONVERSION = YES;
				GCC_WARN_ABOUT_RETURN_TYPE = YES_ERROR;
				GCC_WARN_UNDECLARED_SELECTOR = YES;
				GCC_WARN_UNINITIALIZED_AUTOS = YES_AGGRESSIVE;
				GCC_WARN_UNUSED_FUNCTION = YES;
				GCC_WARN_UNUSED_VARIABLE = YES;
				IPHONEOS_DEPLOYMENT_TARGET = 26.1;
				LOCALIZATION_PREFERS_STRING_CATALOGS = YES;
				MTL_ENABLE_DEBUG_INFO = NO;
				MTL_FAST_MATH = YES;
				SDKROOT = iphoneos;
				SWIFT_COMPILATION_MODE = wholemodule;
				VALIDATE_PRODUCT = YES;
			};
			name = Release;
		};
		D223CCD42F41B2C2003F1B36 /* Debug */ = {
			isa = XCBuildConfiguration;
			buildSettings = {
				ASSETCATALOG_COMPILER_APPICON_NAME = AppIcon;
				ASSETCATALOG_COMPILER_GLOBAL_ACCENT_COLOR_NAME = AccentColor;
				CODE_SIGN_STYLE = Automatic;
				CURRENT_PROJECT_VERSION = 1;
				DEVELOPMENT_TEAM = 6H9YK6YMSU;
				ENABLE_PREVIEWS = YES;
				GENERATE_INFOPLIST_FILE = YES;
				INFOPLIST_FILE = PlaylistMaker/Info.plist;
				INFOPLIST_KEY_NSAppleMusicUsageDescription = "Apple Musicのプレイリストを作成するためにアクセスが必要です。";
				INFOPLIST_KEY_UIApplicationSceneManifest_Generation = YES;
				INFOPLIST_KEY_UIApplicationSupportsIndirectInputEvents = YES;
				INFOPLIST_KEY_UILaunchScreen_Generation = YES;
				INFOPLIST_KEY_UISupportedInterfaceOrientations_iPad = "UIInterfaceOrientationPortrait UIInterfaceOrientationPortraitUpsideDown UIInterfaceOrientationLandscapeLeft UIInterfaceOrientationLandscapeRight";
				INFOPLIST_KEY_UISupportedInterfaceOrientations_iPhone = "UIInterfaceOrientationPortrait UIInterfaceOrientationLandscapeLeft UIInterfaceOrientationLandscapeRight";
				LD_RUNPATH_SEARCH_PATHS = (
					"$(inherited)",
					"@executable_path/Frameworks",
				);
				MARKETING_VERSION = 1.0;
				PRODUCT_BUNDLE_IDENTIFIER = com.yuyahirama.PlaylistMaker;
				PRODUCT_NAME = "$(TARGET_NAME)";
				STRING_CATALOG_GENERATE_SYMBOLS = YES;
				SWIFT_APPROACHABLE_CONCURRENCY = YES;
				SWIFT_DEFAULT_ACTOR_ISOLATION = MainActor;
				SWIFT_EMIT_LOC_STRINGS = YES;
				SWIFT_UPCOMING_FEATURE_MEMBER_IMPORT_VISIBILITY = YES;
				SWIFT_VERSION = 5.0;
				TARGETED_DEVICE_FAMILY = "1,2";
			};
			name = Debug;
		};
		D223CCD52F41B2C2003F1B36 /* Release */ = {
			isa = XCBuildConfiguration;
			buildSettings = {
				ASSETCATALOG_COMPILER_APPICON_NAME = AppIcon;
				ASSETCATALOG_COMPILER_GLOBAL_ACCENT_COLOR_NAME = AccentColor;
				CODE_SIGN_STYLE = Automatic;
				CURRENT_PROJECT_VERSION = 1;
				DEVELOPMENT_TEAM = 6H9YK6YMSU;
				ENABLE_PREVIEWS = YES;
				GENERATE_INFOPLIST_FILE = YES;
				INFOPLIST_FILE = PlaylistMaker/Info.plist;
				INFOPLIST_KEY_NSAppleMusicUsageDescription = "Apple Musicのプレイリストを作成するためにアクセスが必要です。";
				INFOPLIST_KEY_UIApplicationSceneManifest_Generation = YES;
				INFOPLIST_KEY_UIApplicationSupportsIndirectInputEvents = YES;
				INFOPLIST_KEY_UILaunchScreen_Generation = YES;
				INFOPLIST_KEY_UISupportedInterfaceOrientations_iPad = "UIInterfaceOrientationPortrait UIInterfaceOrientationPortraitUpsideDown UIInterfaceOrientationLandscapeLeft UIInterfaceOrientationLandscapeRight";
				INFOPLIST_KEY_UISupportedInterfaceOrientations_iPhone = "UIInterfaceOrientationPortrait UIInterfaceOrientationLandscapeLeft UIInterfaceOrientationLandscapeRight";
				LD_RUNPATH_SEARCH_PATHS = (
					"$(inherited)",
					"@executable_path/Frameworks",
				);
				MARKETING_VERSION = 1.0;
				PRODUCT_BUNDLE_IDENTIFIER = com.yuyahirama.PlaylistMaker;
				PRODUCT_NAME = "$(TARGET_NAME)";
				STRING_CATALOG_GENERATE_SYMBOLS = YES;
				SWIFT_APPROACHABLE_CONCURRENCY = YES;
				SWIFT_DEFAULT_ACTOR_ISOLATION = MainActor;
				SWIFT_EMIT_LOC_STRINGS = YES;
				SWIFT_UPCOMING_FEATURE_MEMBER_IMPORT_VISIBILITY = YES;
				SWIFT_VERSION = 5.0;
				TARGETED_DEVICE_FAMILY = "1,2";
			};
			name = Release;
		};
		D223CCD72F41B2C2003F1B36 /* Debug */ = {
			isa = XCBuildConfiguration;
			buildSettings = {
				BUNDLE_LOADER = "$(TEST_HOST)";
				CODE_SIGN_STYLE = Automatic;
				CURRENT_PROJECT_VERSION = 1;
				GENERATE_INFOPLIST_FILE = YES;
				IPHONEOS_DEPLOYMENT_TARGET = 26.1;
				MARKETING_VERSION = 1.0;
				PRODUCT_BUNDLE_IDENTIFIER = com.example.PlaylistMakerTests;
				PRODUCT_NAME = "$(TARGET_NAME)";
				STRING_CATALOG_GENERATE_SYMBOLS = NO;
				SWIFT_APPROACHABLE_CONCURRENCY = YES;
				SWIFT_EMIT_LOC_STRINGS = NO;
				SWIFT_UPCOMING_FEATURE_MEMBER_IMPORT_VISIBILITY = YES;
				SWIFT_VERSION = 5.0;
				TARGETED_DEVICE_FAMILY = "1,2";
				TEST_HOST = "$(BUILT_PRODUCTS_DIR)/PlaylistMaker.app/$(BUNDLE_EXECUTABLE_FOLDER_PATH)/PlaylistMaker";
			};
			name = Debug;
		};
		D223CCD82F41B2C2003F1B36 /* Release */ = {
			isa = XCBuildConfiguration;
			buildSettings = {
				BUNDLE_LOADER = "$(TEST_HOST)";
				CODE_SIGN_STYLE = Automatic;
				CURRENT_PROJECT_VERSION = 1;
				GENERATE_INFOPLIST_FILE = YES;
				IPHONEOS_DEPLOYMENT_TARGET = 26.1;
				MARKETING_VERSION = 1.0;
				PRODUCT_BUNDLE_IDENTIFIER = com.example.PlaylistMakerTests;
				PRODUCT_NAME = "$(TARGET_NAME)";
				STRING_CATALOG_GENERATE_SYMBOLS = NO;
				SWIFT_APPROACHABLE_CONCURRENCY = YES;
				SWIFT_EMIT_LOC_STRINGS = NO;
				SWIFT_UPCOMING_FEATURE_MEMBER_IMPORT_VISIBILITY = YES;
				SWIFT_VERSION = 5.0;
				TARGETED_DEVICE_FAMILY = "1,2";
				TEST_HOST = "$(BUILT_PRODUCTS_DIR)/PlaylistMaker.app/$(BUNDLE_EXECUTABLE_FOLDER_PATH)/PlaylistMaker";
			};
			name = Release;
		};
		D223CCDA2F41B2C2003F1B36 /* Debug */ = {
			isa = XCBuildConfiguration;
			buildSettings = {
				CODE_SIGN_STYLE = Automatic;
				CURRENT_PROJECT_VERSION = 1;
				GENERATE_INFOPLIST_FILE = YES;
				MARKETING_VERSION = 1.0;
				PRODUCT_BUNDLE_IDENTIFIER = com.example.PlaylistMakerUITests;
				PRODUCT_NAME = "$(TARGET_NAME)";
				STRING_CATALOG_GENERATE_SYMBOLS = NO;
				SWIFT_APPROACHABLE_CONCURRENCY = YES;
				SWIFT_EMIT_LOC_STRINGS = NO;
				SWIFT_UPCOMING_FEATURE_MEMBER_IMPORT_VISIBILITY = YES;
				SWIFT_VERSION = 5.0;
				TARGETED_DEVICE_FAMILY = "1,2";
				TEST_TARGET_NAME = PlaylistMaker;
			};
			name = Debug;
		};
		D223CCDB2F41B2C2003F1B36 /* Release */ = {
			isa = XCBuildConfiguration;
			buildSettings = {
				CODE_SIGN_STYLE = Automatic;
				CURRENT_PROJECT_VERSION = 1;
				GENERATE_INFOPLIST_FILE = YES;
				MARKETING_VERSION = 1.0;
				PRODUCT_BUNDLE_IDENTIFIER = com.example.PlaylistMakerUITests;
				PRODUCT_NAME = "$(TARGET_NAME)";
				STRING_CATALOG_GENERATE_SYMBOLS = NO;
				SWIFT_APPROACHABLE_CONCURRENCY = YES;
				SWIFT_EMIT_LOC_STRINGS = NO;
				SWIFT_UPCOMING_FEATURE_MEMBER_IMPORT_VISIBILITY = YES;
				SWIFT_VERSION = 5.0;
				TARGETED_DEVICE_FAMILY = "1,2";
				TEST_TARGET_NAME = PlaylistMaker;
			};
			name = Release;
		};
/* End XCBuildConfiguration section */

/* Begin XCConfigurationList section */
		D223CCAB2F41B2C1003F1B36 /* Build configuration list for PBXProject "PlaylistMaker" */ = {
			isa = XCConfigurationList;
			buildConfigurations = (
				D223CCD12F41B2C2003F1B36 /* Debug */,
				D223CCD22F41B2C2003F1B36 /* Release */,
			);
			defaultConfigurationIsVisible = 0;
			defaultConfigurationName = Release;
		};
		D223CCD32F41B2C2003F1B36 /* Build configuration list for PBXNativeTarget "PlaylistMaker" */ = {
			isa = XCConfigurationList;
			buildConfigurations = (
				D223CCD42F41B2C2003F1B36 /* Debug */,
				D223CCD52F41B2C2003F1B36 /* Release */,
			);
			defaultConfigurationIsVisible = 0;
			defaultConfigurationName = Release;
		};
		D223CCD62F41B2C2003F1B36 /* Build configuration list for PBXNativeTarget "PlaylistMakerTests" */ = {
			isa = XCConfigurationList;
			buildConfigurations = (
				D223CCD72F41B2C2003F1B36 /* Debug */,
				D223CCD82F41B2C2003F1B36 /* Release */,
			);
			defaultConfigurationIsVisible = 0;
			defaultConfigurationName = Release;
		};
		D223CCD92F41B2C2003F1B36 /* Build configuration list for PBXNativeTarget "PlaylistMakerUITests" */ = {
			isa = XCConfigurationList;
			buildConfigurations = (
				D223CCDA2F41B2C2003F1B36 /* Debug */,
				D223CCDB2F41B2C2003F1B36 /* Release */,
			);
			defaultConfigurationIsVisible = 0;
			defaultConfigurationName = Release;
		};
/* End XCConfigurationList section */
	};
	rootObject = D223CCA82F41B2C1003F1B36 /* Project object */;
}
